{
  "originHash" : "7616b44a08f2f6aa31cfb946a11e4ecbee2c09250a50bec6b61a42ce6a0cc19a",
  "pins" : [
    {
      "identity" : "fmdb",
      "kind" : "remoteSourceControl",
      "location" : "https://github.com/ccgus/fmdb",
      "state" : {
        "revision" : "1227a3fa2b9916bfd75fe380eb45cd210e69e251",
        "version" : "2.7.12"
      }
    },
    {
      "identity" : "ziparchive",
      "kind" : "remoteSourceControl",
      "location" : "https://github.com/ZipArchive/ZipArchive.git",
      "state" : {
        "revision" : "b145c6f3619619fb48715c479643e2f2e0e42d2d",
        "version" : "2.5.2"
      }
    }
  ],
  "version" : 3
}
