// !$*UTF8*$!
{
	archiveVersion = 1;
	classes = {
	};
	objectVersion = 46;
	objects = {

/* Begin PBXBuildFile section */
		4B7F0AF11BAF4C27004553A6 /* AppDelegate.m in Sources */ = {isa = PBXBuildFile; fileRef = 4B7F0AEF1BAF4C27004553A6 /* AppDelegate.m */; settings = {ASSET_TAGS = (); }; };
		4B7F0AF21BAF4C27004553A6 /* main.m in Sources */ = {isa = PBXBuildFile; fileRef = 4B7F0AF01BAF4C27004553A6 /* main.m */; settings = {ASSET_TAGS = (); }; };
		4B7F0AF71BAF4C37004553A6 /* MainMenu.xib in Resources */ = {isa = PBXBuildFile; fileRef = 4B7F0AF51BAF4C37004553A6 /* MainMenu.xib */; settings = {ASSET_TAGS = (); }; };
		4B7F0AFC1BAF4C67004553A6 /* Info.plist in Resources */ = {isa = PBXBuildFile; fileRef = 4B7F0AFB1BAF4C67004553A6 /* Info.plist */; settings = {ASSET_TAGS = (); }; };
		4B7F0B001BAF4CE7004553A6 /* Images.xcassets in Resources */ = {isa = PBXBuildFile; fileRef = 4B7F0AFF1BAF4CE7004553A6 /* Images.xcassets */; settings = {ASSET_TAGS = (); }; };
		4B7F0B021BAF4F73004553A6 /* WebKit.framework in Frameworks */ = {isa = PBXBuildFile; fileRef = 4B7F0B011BAF4F73004553A6 /* WebKit.framework */; };
		4B7F0B061BAF520C004553A6 /* RFHeaderBackgroundView.m in Sources */ = {isa = PBXBuildFile; fileRef = 4B7F0B051BAF520C004553A6 /* RFHeaderBackgroundView.m */; settings = {ASSET_TAGS = (); }; };
		4B7F0B091BAF5792004553A6 /* RFPostingBarView.m in Sources */ = {isa = PBXBuildFile; fileRef = 4B7F0B081BAF5792004553A6 /* RFPostingBarView.m */; settings = {ASSET_TAGS = (); }; };
/* End PBXBuildFile section */

/* Begin PBXFileReference section */
		4B7F0AD81BAF4B78004553A6 /* Snippets.app */ = {isa = PBXFileReference; explicitFileType = wrapper.application; includeInIndex = 0; path = Snippets.app; sourceTree = BUILT_PRODUCTS_DIR; };
		4B7F0AEE1BAF4C27004553A6 /* AppDelegate.h */ = {isa = PBXFileReference; fileEncoding = 4; lastKnownFileType = sourcecode.c.h; name = AppDelegate.h; path = Source/AppDelegate.h; sourceTree = "<group>"; };
		4B7F0AEF1BAF4C27004553A6 /* AppDelegate.m */ = {isa = PBXFileReference; fileEncoding = 4; lastKnownFileType = sourcecode.c.objc; name = AppDelegate.m; path = Source/AppDelegate.m; sourceTree = "<group>"; };
		4B7F0AF01BAF4C27004553A6 /* main.m */ = {isa = PBXFileReference; fileEncoding = 4; lastKnownFileType = sourcecode.c.objc; name = main.m; path = Source/main.m; sourceTree = "<group>"; };
		4B7F0AF61BAF4C37004553A6 /* Base */ = {isa = PBXFileReference; lastKnownFileType = file.xib; name = Base; path = Resources/Base.lproj/MainMenu.xib; sourceTree = "<group>"; };
		4B7F0AFB1BAF4C67004553A6 /* Info.plist */ = {isa = PBXFileReference; fileEncoding = 4; lastKnownFileType = text.plist.xml; name = Info.plist; path = Resources/Info.plist; sourceTree = "<group>"; };
		4B7F0AFF1BAF4CE7004553A6 /* Images.xcassets */ = {isa = PBXFileReference; lastKnownFileType = folder.assetcatalog; name = Images.xcassets; path = Resources/Images.xcassets; sourceTree = "<group>"; };
		4B7F0B011BAF4F73004553A6 /* WebKit.framework */ = {isa = PBXFileReference; lastKnownFileType = wrapper.framework; name = WebKit.framework; path = System/Library/Frameworks/WebKit.framework; sourceTree = SDKROOT; };
		4B7F0B041BAF520C004553A6 /* RFHeaderBackgroundView.h */ = {isa = PBXFileReference; fileEncoding = 4; lastKnownFileType = sourcecode.c.h; name = RFHeaderBackgroundView.h; path = Source/RFHeaderBackgroundView.h; sourceTree = "<group>"; };
		4B7F0B051BAF520C004553A6 /* RFHeaderBackgroundView.m */ = {isa = PBXFileReference; fileEncoding = 4; lastKnownFileType = sourcecode.c.objc; name = RFHeaderBackgroundView.m; path = Source/RFHeaderBackgroundView.m; sourceTree = "<group>"; };
		4B7F0B071BAF5792004553A6 /* RFPostingBarView.h */ = {isa = PBXFileReference; fileEncoding = 4; lastKnownFileType = sourcecode.c.h; name = RFPostingBarView.h; path = Source/RFPostingBarView.h; sourceTree = "<group>"; };
		4B7F0B081BAF5792004553A6 /* RFPostingBarView.m */ = {isa = PBXFileReference; fileEncoding = 4; lastKnownFileType = sourcecode.c.objc; name = RFPostingBarView.m; path = Source/RFPostingBarView.m; sourceTree = "<group>"; };
/* End PBXFileReference section */

/* Begin PBXFrameworksBuildPhase section */
		4B7F0AD51BAF4B77004553A6 /* Frameworks */ = {
			isa = PBXFrameworksBuildPhase;
			buildActionMask = 2147483647;
			files = (
				4B7F0B021BAF4F73004553A6 /* WebKit.framework in Frameworks */,
			);
			runOnlyForDeploymentPostprocessing = 0;
		};
/* End PBXFrameworksBuildPhase section */

/* Begin PBXGroup section */
		4B7F0ACF1BAF4B77004553A6 = {
			isa = PBXGroup;
			children = (
				4B7F0AEC1BAF4C16004553A6 /* Source */,
				4B7F0AED1BAF4C1A004553A6 /* Resources */,
				4B7F0B031BAF4F7D004553A6 /* Frameworks */,
				4B7F0AD91BAF4B78004553A6 /* Products */,
			);
			sourceTree = "<group>";
		};
		4B7F0AD91BAF4B78004553A6 /* Products */ = {
			isa = PBXGroup;
			children = (
				4B7F0AD81BAF4B78004553A6 /* Snippets.app */,
			);
			name = Products;
			sourceTree = "<group>";
		};
		4B7F0AEC1BAF4C16004553A6 /* Source */ = {
			isa = PBXGroup;
			children = (
				4B7F0AF01BAF4C27004553A6 /* main.m */,
				4B7F0AEE1BAF4C27004553A6 /* AppDelegate.h */,
				4B7F0AEF1BAF4C27004553A6 /* AppDelegate.m */,
				4B7F0B041BAF520C004553A6 /* RFHeaderBackgroundView.h */,
				4B7F0B051BAF520C004553A6 /* RFHeaderBackgroundView.m */,
				4B7F0B071BAF5792004553A6 /* RFPostingBarView.h */,
				4B7F0B081BAF5792004553A6 /* RFPostingBarView.m */,
			);
			name = Source;
			sourceTree = "<group>";
		};
		4B7F0AED1BAF4C1A004553A6 /* Resources */ = {
			isa = PBXGroup;
			children = (
				4B7F0AFB1BAF4C67004553A6 /* Info.plist */,
				4B7F0AFF1BAF4CE7004553A6 /* Images.xcassets */,
				4B7F0AF51BAF4C37004553A6 /* MainMenu.xib */,
			);
			name = Resources;
			sourceTree = "<group>";
		};
		4B7F0B031BAF4F7D004553A6 /* Frameworks */ = {
			isa = PBXGroup;
			children = (
				4B7F0B011BAF4F73004553A6 /* WebKit.framework */,
			);
			name = Frameworks;
			sourceTree = "<group>";
		};
/* End PBXGroup section */

/* Begin PBXNativeTarget section */
		4B7F0AD71BAF4B77004553A6 /* Snippets */ = {
			isa = PBXNativeTarget;
			buildConfigurationList = 4B7F0AE91BAF4B78004553A6 /* Build configuration list for PBXNativeTarget "Snippets" */;
			buildPhases = (
				4B7F0AD41BAF4B77004553A6 /* Sources */,
				4B7F0AD51BAF4B77004553A6 /* Frameworks */,
				4B7F0AD61BAF4B77004553A6 /* Resources */,
			);
			buildRules = (
			);
			dependencies = (
			);
			name = Snippets;
			productName = "Snippets for Mac";
			productReference = 4B7F0AD81BAF4B78004553A6 /* Snippets.app */;
			productType = "com.apple.product-type.application";
		};
/* End PBXNativeTarget section */

/* Begin PBXProject section */
		4B7F0AD01BAF4B77004553A6 /* Project object */ = {
			isa = PBXProject;
			attributes = {
				LastUpgradeCheck = 0700;
				ORGANIZATIONNAME = "Riverfold Software";
				TargetAttributes = {
					4B7F0AD71BAF4B77004553A6 = {
						CreatedOnToolsVersion = 7.0;
					};
				};
			};
			buildConfigurationList = 4B7F0AD31BAF4B77004553A6 /* Build configuration list for PBXProject "Snippets for Mac" */;
			compatibilityVersion = "Xcode 3.2";
			developmentRegion = English;
			hasScannedForEncodings = 0;
			knownRegions = (
				en,
				Base,
			);
			mainGroup = 4B7F0ACF1BAF4B77004553A6;
			productRefGroup = 4B7F0AD91BAF4B78004553A6 /* Products */;
			projectDirPath = "";
			projectRoot = "";
			targets = (
				4B7F0AD71BAF4B77004553A6 /* Snippets */,
			);
		};
/* End PBXProject section */

/* Begin PBXResourcesBuildPhase section */
		4B7F0AD61BAF4B77004553A6 /* Resources */ = {
			isa = PBXResourcesBuildPhase;
			buildActionMask = 2147483647;
			files = (
				4B7F0B001BAF4CE7004553A6 /* Images.xcassets in Resources */,
				4B7F0AF71BAF4C37004553A6 /* MainMenu.xib in Resources */,
				4B7F0AFC1BAF4C67004553A6 /* Info.plist in Resources */,
			);
			runOnlyForDeploymentPostprocessing = 0;
		};
/* End PBXResourcesBuildPhase section */

/* Begin PBXSourcesBuildPhase section */
		4B7F0AD41BAF4B77004553A6 /* Sources */ = {
			isa = PBXSourcesBuildPhase;
			buildActionMask = 2147483647;
			files = (
				4B7F0AF21BAF4C27004553A6 /* main.m in Sources */,
				4B7F0B091BAF5792004553A6 /* RFPostingBarView.m in Sources */,
				4B7F0B061BAF520C004553A6 /* RFHeaderBackgroundView.m in Sources */,
				4B7F0AF11BAF4C27004553A6 /* AppDelegate.m in Sources */,
			);
			runOnlyForDeploymentPostprocessing = 0;
		};
/* End PBXSourcesBuildPhase section */

/* Begin PBXVariantGroup section */
		4B7F0AF51BAF4C37004553A6 /* MainMenu.xib */ = {
			isa = PBXVariantGroup;
			children = (
				4B7F0AF61BAF4C37004553A6 /* Base */,
			);
			name = MainMenu.xib;
			sourceTree = "<group>";
		};
/* End PBXVariantGroup section */

/* Begin XCBuildConfiguration section */
		4B7F0AE71BAF4B78004553A6 /* Debug */ = {
			isa = XCBuildConfiguration;
			buildSettings = {
				ALWAYS_SEARCH_USER_PATHS = NO;
				CLANG_CXX_LANGUAGE_STANDARD = "gnu++0x";
				CLANG_CXX_LIBRARY = "libc++";
				CLANG_ENABLE_MODULES = YES;
				CLANG_ENABLE_OBJC_ARC = YES;
				CLANG_WARN_BOOL_CONVERSION = YES;
				CLANG_WARN_CONSTANT_CONVERSION = YES;
				CLANG_WARN_DIRECT_OBJC_ISA_USAGE = YES_ERROR;
				CLANG_WARN_EMPTY_BODY = YES;
				CLANG_WARN_ENUM_CONVERSION = YES;
				CLANG_WARN_INT_CONVERSION = YES;
				CLANG_WARN_OBJC_ROOT_CLASS = YES_ERROR;
				CLANG_WARN_UNREACHABLE_CODE = YES;
				CLANG_WARN__DUPLICATE_METHOD_MATCH = YES;
				CODE_SIGN_IDENTITY = "-";
				COPY_PHASE_STRIP = NO;
				DEBUG_INFORMATION_FORMAT = dwarf;
				ENABLE_STRICT_OBJC_MSGSEND = YES;
				ENABLE_TESTABILITY = YES;
				GCC_C_LANGUAGE_STANDARD = gnu99;
				GCC_DYNAMIC_NO_PIC = NO;
				GCC_NO_COMMON_BLOCKS = YES;
				GCC_OPTIMIZATION_LEVEL = 0;
				GCC_PREPROCESSOR_DEFINITIONS = (
					"DEBUG=1",
					"$(inherited)",
				);
				GCC_WARN_64_TO_32_BIT_CONVERSION = YES;
				GCC_WARN_ABOUT_RETURN_TYPE = YES_ERROR;
				GCC_WARN_UNDECLARED_SELECTOR = YES;
				GCC_WARN_UNINITIALIZED_AUTOS = YES_AGGRESSIVE;
				GCC_WARN_UNUSED_FUNCTION = YES;
				GCC_WARN_UNUSED_VARIABLE = YES;
				MACOSX_DEPLOYMENT_TARGET = 10.11;
				MTL_ENABLE_DEBUG_INFO = YES;
				ONLY_ACTIVE_ARCH = YES;
				SDKROOT = macosx;
			};
			name = Debug;
		};
		4B7F0AE81BAF4B78004553A6 /* Release */ = {
			isa = XCBuildConfiguration;
			buildSettings = {
				ALWAYS_SEARCH_USER_PATHS = NO;
				CLANG_CXX_LANGUAGE_STANDARD = "gnu++0x";
				CLANG_CXX_LIBRARY = "libc++";
				CLANG_ENABLE_MODULES = YES;
				CLANG_ENABLE_OBJC_ARC = YES;
				CLANG_WARN_BOOL_CONVERSION = YES;
				CLANG_WARN_CONSTANT_CONVERSION = YES;
				CLANG_WARN_DIRECT_OBJC_ISA_USAGE = YES_ERROR;
				CLANG_WARN_EMPTY_BODY = YES;
				CLANG_WARN_ENUM_CONVERSION = YES;
				CLANG_WARN_INT_CONVERSION = YES;
				CLANG_WARN_OBJC_ROOT_CLASS = YES_ERROR;
				CLANG_WARN_UNREACHABLE_CODE = YES;
				CLANG_WARN__DUPLICATE_METHOD_MATCH = YES;
				CODE_SIGN_IDENTITY = "-";
				COPY_PHASE_STRIP = NO;
				DEBUG_INFORMATION_FORMAT = "dwarf-with-dsym";
				ENABLE_NS_ASSERTIONS = NO;
				ENABLE_STRICT_OBJC_MSGSEND = YES;
				GCC_C_LANGUAGE_STANDARD = gnu99;
				GCC_NO_COMMON_BLOCKS = YES;
				GCC_WARN_64_TO_32_BIT_CONVERSION = YES;
				GCC_WARN_ABOUT_RETURN_TYPE = YES_ERROR;
				GCC_WARN_UNDECLARED_SELECTOR = YES;
				GCC_WARN_UNINITIALIZED_AUTOS = YES_AGGRESSIVE;
				GCC_WARN_UNUSED_FUNCTION = YES;
				GCC_WARN_UNUSED_VARIABLE = YES;
				MACOSX_DEPLOYMENT_TARGET = 10.11;
				MTL_ENABLE_DEBUG_INFO = NO;
				SDKROOT = macosx;
			};
			name = Release;
		};
		4B7F0AEA1BAF4B78004553A6 /* Debug */ = {
			isa = XCBuildConfiguration;
			buildSettings = {
				ASSETCATALOG_COMPILER_APPICON_NAME = AppIcon;
				COMBINE_HIDPI_IMAGES = YES;
				INFOPLIST_FILE = Resources/Info.plist;
				LD_RUNPATH_SEARCH_PATHS = "$(inherited) @executable_path/../Frameworks";
				PRODUCT_BUNDLE_IDENTIFIER = com.riverfold.snippets.mac;
				PRODUCT_NAME = "$(TARGET_NAME)";
			};
			name = Debug;
		};
		4B7F0AEB1BAF4B78004553A6 /* Release */ = {
			isa = XCBuildConfiguration;
			buildSettings = {
				ASSETCATALOG_COMPILER_APPICON_NAME = AppIcon;
				COMBINE_HIDPI_IMAGES = YES;
				INFOPLIST_FILE = Resources/Info.plist;
				LD_RUNPATH_SEARCH_PATHS = "$(inherited) @executable_path/../Frameworks";
				PRODUCT_BUNDLE_IDENTIFIER = com.riverfold.snippets.mac;
				PRODUCT_NAME = "$(TARGET_NAME)";
			};
			name = Release;
		};
/* End XCBuildConfiguration section */

/* Begin XCConfigurationList section */
		4B7F0AD31BAF4B77004553A6 /* Build configuration list for PBXProject "Snippets for Mac" */ = {
			isa = XCConfigurationList;
			buildConfigurations = (
				4B7F0AE71BAF4B78004553A6 /* Debug */,
				4B7F0AE81BAF4B78004553A6 /* Release */,
			);
			defaultConfigurationIsVisible = 0;
			defaultConfigurationName = Release;
		};
		4B7F0AE91BAF4B78004553A6 /* Build configuration list for PBXNativeTarget "Snippets" */ = {
			isa = XCConfigurationList;
			buildConfigurations = (
				4B7F0AEA1BAF4B78004553A6 /* Debug */,
				4B7F0AEB1BAF4B78004553A6 /* Release */,
			);
			defaultConfigurationIsVisible = 0;
			defaultConfigurationName = Release;
		};
/* End XCConfigurationList section */
	};
	rootObject = 4B7F0AD01BAF4B77004553A6 /* Project object */;
}
