// !$*UTF8*$!
{
	archiveVersion = 1;
	classes = {
	};
	objectVersion = 46;
	objects = {

/* Begin PBXBuildFile section */
		4B4DC44F1BB04B970095CCBB /* Timeline.xib in Resources */ = {isa = PBXBuildFile; fileRef = 4B4DC44D1BB04B970095CCBB /* Timeline.xib */; };
		4B4DC4521BB04BD80095CCBB /* RFTimelineController.m in Sources */ = {isa = PBXBuildFile; fileRef = 4B4DC4511BB04BD80095CCBB /* RFTimelineController.m */; };
		4B56505B1F85619100B03FFD /* Post.xib in Resources */ = {isa = PBXBuildFile; fileRef = 4B5650591F85619100B03FFD /* Post.xib */; };
		4B56505E1F8561A300B03FFD /* RFPostController.m in Sources */ = {isa = PBXBuildFile; fileRef = 4B56505D1F8561A300B03FFD /* RFPostController.m */; };
		4B5650621F85626200B03FFD /* RFOptionsController.m in Sources */ = {isa = PBXBuildFile; fileRef = 4B5650601F85626200B03FFD /* RFOptionsController.m */; };
		4B5650661F8564AE00B03FFD /* Options.xib in Resources */ = {isa = PBXBuildFile; fileRef = 4B5650641F8562B900B03FFD /* Options.xib */; };
		4B5A25071F83FE37007C548F /* RFWelcomeController.m in Sources */ = {isa = PBXBuildFile; fileRef = 4B5A25061F83FE37007C548F /* RFWelcomeController.m */; };
		4B5A250A1F83FE4D007C548F /* Welcome.xib in Resources */ = {isa = PBXBuildFile; fileRef = 4B5A25081F83FE4D007C548F /* Welcome.xib */; };
		4B5A250D1F8497B1007C548F /* MenuCell.xib in Resources */ = {isa = PBXBuildFile; fileRef = 4B5A250B1F8497B1007C548F /* MenuCell.xib */; };
		4B5A25101F849AF2007C548F /* RFMenuCell.m in Sources */ = {isa = PBXBuildFile; fileRef = 4B5A250F1F849AF2007C548F /* RFMenuCell.m */; };
		4B7F0AF11BAF4C27004553A6 /* AppDelegate.m in Sources */ = {isa = PBXBuildFile; fileRef = 4B7F0AEF1BAF4C27004553A6 /* AppDelegate.m */; };
		4B7F0AF21BAF4C27004553A6 /* main.m in Sources */ = {isa = PBXBuildFile; fileRef = 4B7F0AF01BAF4C27004553A6 /* main.m */; };
		4B7F0AF71BAF4C37004553A6 /* MainMenu.xib in Resources */ = {isa = PBXBuildFile; fileRef = 4B7F0AF51BAF4C37004553A6 /* MainMenu.xib */; };
		4B7F0B001BAF4CE7004553A6 /* Images.xcassets in Resources */ = {isa = PBXBuildFile; fileRef = 4B7F0AFF1BAF4CE7004553A6 /* Images.xcassets */; };
		4B7F0B021BAF4F73004553A6 /* WebKit.framework in Frameworks */ = {isa = PBXBuildFile; fileRef = 4B7F0B011BAF4F73004553A6 /* WebKit.framework */; };
		4B7F0B061BAF520C004553A6 /* RFHeaderBackgroundView.m in Sources */ = {isa = PBXBuildFile; fileRef = 4B7F0B051BAF520C004553A6 /* RFHeaderBackgroundView.m */; };
		4B7F0B091BAF5792004553A6 /* RFPostingBarView.m in Sources */ = {isa = PBXBuildFile; fileRef = 4B7F0B081BAF5792004553A6 /* RFPostingBarView.m */; };
/* End PBXBuildFile section */

/* Begin PBXCopyFilesBuildPhase section */
		4BE541211BDEA34800E1868B /* CopyFiles */ = {
			isa = PBXCopyFilesBuildPhase;
			buildActionMask = 2147483647;
			dstPath = "";
			dstSubfolderSpec = 10;
			files = (
			);
			runOnlyForDeploymentPostprocessing = 0;
		};
/* End PBXCopyFilesBuildPhase section */

/* Begin PBXFileReference section */
		4B4DC44E1BB04B970095CCBB /* Base */ = {isa = PBXFileReference; lastKnownFileType = file.xib; name = Base; path = Resources/Base.lproj/Timeline.xib; sourceTree = "<group>"; };
		4B4DC4501BB04BD80095CCBB /* RFTimelineController.h */ = {isa = PBXFileReference; fileEncoding = 4; lastKnownFileType = sourcecode.c.h; name = RFTimelineController.h; path = Source/RFTimelineController.h; sourceTree = "<group>"; };
		4B4DC4511BB04BD80095CCBB /* RFTimelineController.m */ = {isa = PBXFileReference; fileEncoding = 4; lastKnownFileType = sourcecode.c.objc; name = RFTimelineController.m; path = Source/RFTimelineController.m; sourceTree = "<group>"; };
		4B56505A1F85619100B03FFD /* Base */ = {isa = PBXFileReference; lastKnownFileType = file.xib; name = Base; path = Resources/Base.lproj/Post.xib; sourceTree = "<group>"; };
		4B56505C1F8561A300B03FFD /* RFPostController.h */ = {isa = PBXFileReference; lastKnownFileType = sourcecode.c.h; name = RFPostController.h; path = Source/RFPostController.h; sourceTree = "<group>"; };
		4B56505D1F8561A300B03FFD /* RFPostController.m */ = {isa = PBXFileReference; lastKnownFileType = sourcecode.c.objc; name = RFPostController.m; path = Source/RFPostController.m; sourceTree = "<group>"; };
		4B56505F1F85626200B03FFD /* RFOptionsController.h */ = {isa = PBXFileReference; lastKnownFileType = sourcecode.c.h; name = RFOptionsController.h; path = Source/RFOptionsController.h; sourceTree = "<group>"; };
		4B5650601F85626200B03FFD /* RFOptionsController.m */ = {isa = PBXFileReference; lastKnownFileType = sourcecode.c.objc; name = RFOptionsController.m; path = Source/RFOptionsController.m; sourceTree = "<group>"; };
		4B5650651F8562B900B03FFD /* Base */ = {isa = PBXFileReference; lastKnownFileType = file.xib; name = Base; path = Resources/Base.lproj/Options.xib; sourceTree = "<group>"; };
		4B5A25051F83FE37007C548F /* RFWelcomeController.h */ = {isa = PBXFileReference; lastKnownFileType = sourcecode.c.h; name = RFWelcomeController.h; path = Source/RFWelcomeController.h; sourceTree = "<group>"; };
		4B5A25061F83FE37007C548F /* RFWelcomeController.m */ = {isa = PBXFileReference; lastKnownFileType = sourcecode.c.objc; name = RFWelcomeController.m; path = Source/RFWelcomeController.m; sourceTree = "<group>"; };
		4B5A25091F83FE4D007C548F /* Base */ = {isa = PBXFileReference; lastKnownFileType = file.xib; name = Base; path = Resources/Base.lproj/Welcome.xib; sourceTree = "<group>"; };
		4B5A250C1F8497B1007C548F /* Base */ = {isa = PBXFileReference; lastKnownFileType = file.xib; name = Base; path = Resources/Base.lproj/MenuCell.xib; sourceTree = "<group>"; };
		4B5A250E1F849AF2007C548F /* RFMenuCell.h */ = {isa = PBXFileReference; lastKnownFileType = sourcecode.c.h; name = RFMenuCell.h; path = Source/RFMenuCell.h; sourceTree = "<group>"; };
		4B5A250F1F849AF2007C548F /* RFMenuCell.m */ = {isa = PBXFileReference; lastKnownFileType = sourcecode.c.objc; name = RFMenuCell.m; path = Source/RFMenuCell.m; sourceTree = "<group>"; };
		4B7F0AD81BAF4B78004553A6 /* Micro.blog.app */ = {isa = PBXFileReference; explicitFileType = wrapper.application; includeInIndex = 0; path = Micro.blog.app; sourceTree = BUILT_PRODUCTS_DIR; };
		4B7F0AEE1BAF4C27004553A6 /* AppDelegate.h */ = {isa = PBXFileReference; fileEncoding = 4; lastKnownFileType = sourcecode.c.h; name = AppDelegate.h; path = Source/AppDelegate.h; sourceTree = "<group>"; };
		4B7F0AEF1BAF4C27004553A6 /* AppDelegate.m */ = {isa = PBXFileReference; fileEncoding = 4; lastKnownFileType = sourcecode.c.objc; name = AppDelegate.m; path = Source/AppDelegate.m; sourceTree = "<group>"; };
		4B7F0AF01BAF4C27004553A6 /* main.m */ = {isa = PBXFileReference; fileEncoding = 4; lastKnownFileType = sourcecode.c.objc; name = main.m; path = Source/main.m; sourceTree = "<group>"; };
		4B7F0AF61BAF4C37004553A6 /* Base */ = {isa = PBXFileReference; lastKnownFileType = file.xib; name = Base; path = Resources/Base.lproj/MainMenu.xib; sourceTree = "<group>"; };
		4B7F0AFB1BAF4C67004553A6 /* Info.plist */ = {isa = PBXFileReference; fileEncoding = 4; lastKnownFileType = text.plist.xml; name = Info.plist; path = Resources/Info.plist; sourceTree = "<group>"; };
		4B7F0AFF1BAF4CE7004553A6 /* Images.xcassets */ = {isa = PBXFileReference; lastKnownFileType = folder.assetcatalog; name = Images.xcassets; path = Resources/Images.xcassets; sourceTree = "<group>"; };
		4B7F0B011BAF4F73004553A6 /* WebKit.framework */ = {isa = PBXFileReference; lastKnownFileType = wrapper.framework; name = WebKit.framework; path = System/Library/Frameworks/WebKit.framework; sourceTree = SDKROOT; };
		4B7F0B041BAF520C004553A6 /* RFHeaderBackgroundView.h */ = {isa = PBXFileReference; fileEncoding = 4; lastKnownFileType = sourcecode.c.h; name = RFHeaderBackgroundView.h; path = Source/RFHeaderBackgroundView.h; sourceTree = "<group>"; };
		4B7F0B051BAF520C004553A6 /* RFHeaderBackgroundView.m */ = {isa = PBXFileReference; fileEncoding = 4; lastKnownFileType = sourcecode.c.objc; name = RFHeaderBackgroundView.m; path = Source/RFHeaderBackgroundView.m; sourceTree = "<group>"; };
		4B7F0B071BAF5792004553A6 /* RFPostingBarView.h */ = {isa = PBXFileReference; fileEncoding = 4; lastKnownFileType = sourcecode.c.h; name = RFPostingBarView.h; path = Source/RFPostingBarView.h; sourceTree = "<group>"; };
		4B7F0B081BAF5792004553A6 /* RFPostingBarView.m */ = {isa = PBXFileReference; fileEncoding = 4; lastKnownFileType = sourcecode.c.objc; name = RFPostingBarView.m; path = Source/RFPostingBarView.m; sourceTree = "<group>"; };
/* End PBXFileReference section */

/* Begin PBXFrameworksBuildPhase section */
		4B7F0AD51BAF4B77004553A6 /* Frameworks */ = {
			isa = PBXFrameworksBuildPhase;
			buildActionMask = 2147483647;
			files = (
				4B7F0B021BAF4F73004553A6 /* WebKit.framework in Frameworks */,
			);
			runOnlyForDeploymentPostprocessing = 0;
		};
/* End PBXFrameworksBuildPhase section */

/* Begin PBXGroup section */
		4B7F0ACF1BAF4B77004553A6 = {
			isa = PBXGroup;
			children = (
				4B7F0AEC1BAF4C16004553A6 /* Source */,
				4B7F0AED1BAF4C1A004553A6 /* Resources */,
				4B7F0B031BAF4F7D004553A6 /* Frameworks */,
				4B7F0AD91BAF4B78004553A6 /* Products */,
			);
			sourceTree = "<group>";
		};
		4B7F0AD91BAF4B78004553A6 /* Products */ = {
			isa = PBXGroup;
			children = (
				4B7F0AD81BAF4B78004553A6 /* Micro.blog.app */,
			);
			name = Products;
			sourceTree = "<group>";
		};
		4B7F0AEC1BAF4C16004553A6 /* Source */ = {
			isa = PBXGroup;
			children = (
				4B7F0AF01BAF4C27004553A6 /* main.m */,
				4B7F0AEE1BAF4C27004553A6 /* AppDelegate.h */,
				4B7F0AEF1BAF4C27004553A6 /* AppDelegate.m */,
				4B7F0B041BAF520C004553A6 /* RFHeaderBackgroundView.h */,
				4B7F0B051BAF520C004553A6 /* RFHeaderBackgroundView.m */,
				4B7F0B071BAF5792004553A6 /* RFPostingBarView.h */,
				4B7F0B081BAF5792004553A6 /* RFPostingBarView.m */,
				4B4DC4501BB04BD80095CCBB /* RFTimelineController.h */,
				4B4DC4511BB04BD80095CCBB /* RFTimelineController.m */,
				4B56505C1F8561A300B03FFD /* RFPostController.h */,
				4B56505D1F8561A300B03FFD /* RFPostController.m */,
				4B56505F1F85626200B03FFD /* RFOptionsController.h */,
				4B5650601F85626200B03FFD /* RFOptionsController.m */,
				4B5A250E1F849AF2007C548F /* RFMenuCell.h */,
				4B5A250F1F849AF2007C548F /* RFMenuCell.m */,
				4B5A25051F83FE37007C548F /* RFWelcomeController.h */,
				4B5A25061F83FE37007C548F /* RFWelcomeController.m */,
			);
			name = Source;
			sourceTree = "<group>";
		};
		4B7F0AED1BAF4C1A004553A6 /* Resources */ = {
			isa = PBXGroup;
			children = (
				4B7F0AFB1BAF4C67004553A6 /* Info.plist */,
				4B7F0AFF1BAF4CE7004553A6 /* Images.xcassets */,
				4B4DC44D1BB04B970095CCBB /* Timeline.xib */,
				4B5650641F8562B900B03FFD /* Options.xib */,
				4B5A25081F83FE4D007C548F /* Welcome.xib */,
				4B5650591F85619100B03FFD /* Post.xib */,
				4B5A250B1F8497B1007C548F /* MenuCell.xib */,
				4B7F0AF51BAF4C37004553A6 /* MainMenu.xib */,
			);
			name = Resources;
			sourceTree = "<group>";
		};
		4B7F0B031BAF4F7D004553A6 /* Frameworks */ = {
			isa = PBXGroup;
			children = (
				4B7F0B011BAF4F73004553A6 /* WebKit.framework */,
			);
			name = Frameworks;
			sourceTree = "<group>";
		};
/* End PBXGroup section */

/* Begin PBXNativeTarget section */
		4B7F0AD71BAF4B77004553A6 /* Snippets */ = {
			isa = PBXNativeTarget;
			buildConfigurationList = 4B7F0AE91BAF4B78004553A6 /* Build configuration list for PBXNativeTarget "Snippets" */;
			buildPhases = (
				4B7F0AD41BAF4B77004553A6 /* Sources */,
				4B7F0AD51BAF4B77004553A6 /* Frameworks */,
				4B7F0AD61BAF4B77004553A6 /* Resources */,
				4BE541211BDEA34800E1868B /* CopyFiles */,
			);
			buildRules = (
			);
			dependencies = (
			);
			name = Snippets;
			productName = "Snippets for Mac";
			productReference = 4B7F0AD81BAF4B78004553A6 /* Micro.blog.app */;
			productType = "com.apple.product-type.application";
		};
/* End PBXNativeTarget section */

/* Begin PBXProject section */
		4B7F0AD01BAF4B77004553A6 /* Project object */ = {
			isa = PBXProject;
			attributes = {
				LastUpgradeCheck = 0830;
				ORGANIZATIONNAME = "Riverfold Software";
				TargetAttributes = {
					4B7F0AD71BAF4B77004553A6 = {
						CreatedOnToolsVersion = 7.0;
						DevelopmentTeam = 3F9MDJ6K4E;
						ProvisioningStyle = Automatic;
					};
				};
			};
			buildConfigurationList = 4B7F0AD31BAF4B77004553A6 /* Build configuration list for PBXProject "Snippets for Mac" */;
			compatibilityVersion = "Xcode 3.2";
			developmentRegion = English;
			hasScannedForEncodings = 0;
			knownRegions = (
				en,
				Base,
			);
			mainGroup = 4B7F0ACF1BAF4B77004553A6;
			productRefGroup = 4B7F0AD91BAF4B78004553A6 /* Products */;
			projectDirPath = "";
			projectRoot = "";
			targets = (
				4B7F0AD71BAF4B77004553A6 /* Snippets */,
			);
		};
/* End PBXProject section */

/* Begin PBXResourcesBuildPhase section */
		4B7F0AD61BAF4B77004553A6 /* Resources */ = {
			isa = PBXResourcesBuildPhase;
			buildActionMask = 2147483647;
			files = (
				4B5A250A1F83FE4D007C548F /* Welcome.xib in Resources */,
				4B56505B1F85619100B03FFD /* Post.xib in Resources */,
				4B5650661F8564AE00B03FFD /* Options.xib in Resources */,
				4B4DC44F1BB04B970095CCBB /* Timeline.xib in Resources */,
				4B5A250D1F8497B1007C548F /* MenuCell.xib in Resources */,
				4B7F0B001BAF4CE7004553A6 /* Images.xcassets in Resources */,
				4B7F0AF71BAF4C37004553A6 /* MainMenu.xib in Resources */,
			);
			runOnlyForDeploymentPostprocessing = 0;
		};
/* End PBXResourcesBuildPhase section */

/* Begin PBXSourcesBuildPhase section */
		4B7F0AD41BAF4B77004553A6 /* Sources */ = {
			isa = PBXSourcesBuildPhase;
			buildActionMask = 2147483647;
			files = (
				4B5A25071F83FE37007C548F /* RFWelcomeController.m in Sources */,
				4B4DC4521BB04BD80095CCBB /* RFTimelineController.m in Sources */,
				4B7F0AF21BAF4C27004553A6 /* main.m in Sources */,
				4B7F0B091BAF5792004553A6 /* RFPostingBarView.m in Sources */,
				4B5A25101F849AF2007C548F /* RFMenuCell.m in Sources */,
				4B7F0B061BAF520C004553A6 /* RFHeaderBackgroundView.m in Sources */,
				4B5650621F85626200B03FFD /* RFOptionsController.m in Sources */,
				4B7F0AF11BAF4C27004553A6 /* AppDelegate.m in Sources */,
				4B56505E1F8561A300B03FFD /* RFPostController.m in Sources */,
			);
			runOnlyForDeploymentPostprocessing = 0;
		};
/* End PBXSourcesBuildPhase section */

/* Begin PBXVariantGroup section */
		4B4DC44D1BB04B970095CCBB /* Timeline.xib */ = {
			isa = PBXVariantGroup;
			children = (
				4B4DC44E1BB04B970095CCBB /* Base */,
			);
			name = Timeline.xib;
			sourceTree = "<group>";
		};
		4B5650591F85619100B03FFD /* Post.xib */ = {
			isa = PBXVariantGroup;
			children = (
				4B56505A1F85619100B03FFD /* Base */,
			);
			name = Post.xib;
			sourceTree = "<group>";
		};
		4B5650641F8562B900B03FFD /* Options.xib */ = {
			isa = PBXVariantGroup;
			children = (
				4B5650651F8562B900B03FFD /* Base */,
			);
			name = Options.xib;
			sourceTree = "<group>";
		};
		4B5A25081F83FE4D007C548F /* Welcome.xib */ = {
			isa = PBXVariantGroup;
			children = (
				4B5A25091F83FE4D007C548F /* Base */,
			);
			name = Welcome.xib;
			sourceTree = "<group>";
		};
		4B5A250B1F8497B1007C548F /* MenuCell.xib */ = {
			isa = PBXVariantGroup;
			children = (
				4B5A250C1F8497B1007C548F /* Base */,
			);
			name = MenuCell.xib;
			sourceTree = "<group>";
		};
		4B7F0AF51BAF4C37004553A6 /* MainMenu.xib */ = {
			isa = PBXVariantGroup;
			children = (
				4B7F0AF61BAF4C37004553A6 /* Base */,
			);
			name = MainMenu.xib;
			sourceTree = "<group>";
		};
/* End PBXVariantGroup section */

/* Begin XCBuildConfiguration section */
		4B7F0AE71BAF4B78004553A6 /* Debug */ = {
			isa = XCBuildConfiguration;
			buildSettings = {
				ALWAYS_SEARCH_USER_PATHS = NO;
				CLANG_CXX_LANGUAGE_STANDARD = "gnu++0x";
				CLANG_CXX_LIBRARY = "libc++";
				CLANG_ENABLE_MODULES = YES;
				CLANG_ENABLE_OBJC_ARC = YES;
				CLANG_WARN_BOOL_CONVERSION = YES;
				CLANG_WARN_CONSTANT_CONVERSION = YES;
				CLANG_WARN_DIRECT_OBJC_ISA_USAGE = YES_ERROR;
				CLANG_WARN_EMPTY_BODY = YES;
				CLANG_WARN_ENUM_CONVERSION = YES;
				CLANG_WARN_INFINITE_RECURSION = YES;
				CLANG_WARN_INT_CONVERSION = YES;
				CLANG_WARN_OBJC_ROOT_CLASS = YES_ERROR;
				CLANG_WARN_SUSPICIOUS_MOVE = YES;
				CLANG_WARN_UNREACHABLE_CODE = YES;
				CLANG_WARN__DUPLICATE_METHOD_MATCH = YES;
				CODE_SIGN_IDENTITY = "-";
				COPY_PHASE_STRIP = NO;
				DEBUG_INFORMATION_FORMAT = dwarf;
				ENABLE_STRICT_OBJC_MSGSEND = YES;
				ENABLE_TESTABILITY = YES;
				GCC_C_LANGUAGE_STANDARD = gnu99;
				GCC_DYNAMIC_NO_PIC = NO;
				GCC_NO_COMMON_BLOCKS = YES;
				GCC_OPTIMIZATION_LEVEL = 0;
				GCC_PREPROCESSOR_DEFINITIONS = (
					"DEBUG=1",
					"$(inherited)",
				);
				GCC_WARN_64_TO_32_BIT_CONVERSION = YES;
				GCC_WARN_ABOUT_RETURN_TYPE = YES_ERROR;
				GCC_WARN_UNDECLARED_SELECTOR = YES;
				GCC_WARN_UNINITIALIZED_AUTOS = YES_AGGRESSIVE;
				GCC_WARN_UNUSED_FUNCTION = YES;
				GCC_WARN_UNUSED_VARIABLE = YES;
				MACOSX_DEPLOYMENT_TARGET = 10.12;
				MTL_ENABLE_DEBUG_INFO = YES;
				ONLY_ACTIVE_ARCH = YES;
				SDKROOT = macosx;
			};
			name = Debug;
		};
		4B7F0AE81BAF4B78004553A6 /* Release */ = {
			isa = XCBuildConfiguration;
			buildSettings = {
				ALWAYS_SEARCH_USER_PATHS = NO;
				CLANG_CXX_LANGUAGE_STANDARD = "gnu++0x";
				CLANG_CXX_LIBRARY = "libc++";
				CLANG_ENABLE_MODULES = YES;
				CLANG_ENABLE_OBJC_ARC = YES;
				CLANG_WARN_BOOL_CONVERSION = YES;
				CLANG_WARN_CONSTANT_CONVERSION = YES;
				CLANG_WARN_DIRECT_OBJC_ISA_USAGE = YES_ERROR;
				CLANG_WARN_EMPTY_BODY = YES;
				CLANG_WARN_ENUM_CONVERSION = YES;
				CLANG_WARN_INFINITE_RECURSION = YES;
				CLANG_WARN_INT_CONVERSION = YES;
				CLANG_WARN_OBJC_ROOT_CLASS = YES_ERROR;
				CLANG_WARN_SUSPICIOUS_MOVE = YES;
				CLANG_WARN_UNREACHABLE_CODE = YES;
				CLANG_WARN__DUPLICATE_METHOD_MATCH = YES;
				CODE_SIGN_IDENTITY = "-";
				COPY_PHASE_STRIP = NO;
				DEBUG_INFORMATION_FORMAT = "dwarf-with-dsym";
				ENABLE_NS_ASSERTIONS = NO;
				ENABLE_STRICT_OBJC_MSGSEND = YES;
				GCC_C_LANGUAGE_STANDARD = gnu99;
				GCC_NO_COMMON_BLOCKS = YES;
				GCC_WARN_64_TO_32_BIT_CONVERSION = YES;
				GCC_WARN_ABOUT_RETURN_TYPE = YES_ERROR;
				GCC_WARN_UNDECLARED_SELECTOR = YES;
				GCC_WARN_UNINITIALIZED_AUTOS = YES_AGGRESSIVE;
				GCC_WARN_UNUSED_FUNCTION = YES;
				GCC_WARN_UNUSED_VARIABLE = YES;
				MACOSX_DEPLOYMENT_TARGET = 10.12;
				MTL_ENABLE_DEBUG_INFO = NO;
				SDKROOT = macosx;
			};
			name = Release;
		};
		4B7F0AEA1BAF4B78004553A6 /* Debug */ = {
			isa = XCBuildConfiguration;
			buildSettings = {
				ASSETCATALOG_COMPILER_APPICON_NAME = AppIcon;
				CODE_SIGN_IDENTITY = "Mac Developer";
				COMBINE_HIDPI_IMAGES = YES;
				DEVELOPMENT_TEAM = 3F9MDJ6K4E;
				FRAMEWORK_SEARCH_PATHS = "$(inherited)";
				INFOPLIST_FILE = Resources/Info.plist;
				LD_RUNPATH_SEARCH_PATHS = "$(inherited) @executable_path/../Frameworks";
				OTHER_LDFLAGS = "-ObjC";
				PRODUCT_BUNDLE_IDENTIFIER = blog.micro.mac;
				PRODUCT_NAME = Micro.blog;
				PROVISIONING_PROFILE_SPECIFIER = "";
			};
			name = Debug;
		};
		4B7F0AEB1BAF4B78004553A6 /* Release */ = {
			isa = XCBuildConfiguration;
			buildSettings = {
				ASSETCATALOG_COMPILER_APPICON_NAME = AppIcon;
				CODE_SIGN_IDENTITY = "Mac Developer";
				COMBINE_HIDPI_IMAGES = YES;
				DEVELOPMENT_TEAM = 3F9MDJ6K4E;
				FRAMEWORK_SEARCH_PATHS = "$(inherited)";
				INFOPLIST_FILE = Resources/Info.plist;
				LD_RUNPATH_SEARCH_PATHS = "$(inherited) @executable_path/../Frameworks";
				OTHER_LDFLAGS = "-ObjC";
				PRODUCT_BUNDLE_IDENTIFIER = blog.micro.mac;
				PRODUCT_NAME = Micro.blog;
				PROVISIONING_PROFILE_SPECIFIER = "";
			};
			name = Release;
		};
/* End XCBuildConfiguration section */

/* Begin XCConfigurationList section */
		4B7F0AD31BAF4B77004553A6 /* Build configuration list for PBXProject "Snippets for Mac" */ = {
			isa = XCConfigurationList;
			buildConfigurations = (
				4B7F0AE71BAF4B78004553A6 /* Debug */,
				4B7F0AE81BAF4B78004553A6 /* Release */,
			);
			defaultConfigurationIsVisible = 0;
			defaultConfigurationName = Release;
		};
		4B7F0AE91BAF4B78004553A6 /* Build configuration list for PBXNativeTarget "Snippets" */ = {
			isa = XCConfigurationList;
			buildConfigurations = (
				4B7F0AEA1BAF4B78004553A6 /* Debug */,
				4B7F0AEB1BAF4B78004553A6 /* Release */,
			);
			defaultConfigurationIsVisible = 0;
			defaultConfigurationName = Release;
		};
/* End XCConfigurationList section */
	};
	rootObject = 4B7F0AD01BAF4B77004553A6 /* Project object */;
}
